
Microsoft Visual Studio Solution File, Format Version 12.00
# Visual Studio Version 17
VisualStudioVersion = 17.8.34322.80
MinimumVisualStudioVersion = 10.0.40219.1
Project("{FAE04EC0-301F-11D3-BF4B-00C04F79EFBC}") = "Regnvejrsstatistik", "Regnvejrsstatistik\Regnvejrsstatistik.csproj", "{579F4511-69B0-4943-91B9-9CE5565329B3}"
EndProject
Global
	GlobalSection(SolutionConfigurationPlatforms) = preSolution
		Debug|Any CPU = Debug|Any CPU
		Release|Any CPU = Release|Any CPU
	EndGlobalSection
	GlobalSection(ProjectConfigurationPlatforms) = postSolution
		{579F4511-69B0-4943-91B9-9CE5565329B3}.Debug|Any CPU.ActiveCfg = Debug|Any CPU
		{579F4511-69B0-4943-91B9-9CE5565329B3}.Debug|Any CPU.Build.0 = Debug|Any CPU
		{579F4511-69B0-4943-91B9-9CE5565329B3}.Release|Any CPU.ActiveCfg = Release|Any CPU
		{579F4511-69B0-4943-91B9-9CE5565329B3}.Release|Any CPU.Build.0 = Release|Any CPU
	EndGlobalSection
	GlobalSection(SolutionProperties) = preSolution
		HideSolutionNode = FALSE
	EndGlobalSection
	GlobalSection(ExtensibilityGlobals) = postSolution
		SolutionGuid = {37A8ACD9-25FE-4FE3-8813-C5C32E4EB589}
	EndGlobalSection
EndGlobal
